
Microsoft Visual Studio Solution File, Format Version 12.00
# Visual Studio 15
VisualStudioVersion = 15.0.28307.1000
MinimumVisualStudioVersion = 10.0.40219.1
Project("{FAE04EC0-301F-11D3-BF4B-00C04F79EFBC}") = "WebHDDT", "WebHDDT\WebHDDT.csproj", "{322A4D45-B032-4D0C-8D0E-88E96171035E}"
EndProject
Global
	GlobalSection(SolutionConfigurationPlatforms) = preSolution
		Debug|Any CPU = Debug|Any CPU
		Release|Any CPU = Release|Any CPU
	EndGlobalSection
	GlobalSection(ProjectConfigurationPlatforms) = postSolution
		{322A4D45-B032-4D0C-8D0E-88E96171035E}.Debug|Any CPU.ActiveCfg = Debug|Any CPU
		{322A4D45-B032-4D0C-8D0E-88E96171035E}.Debug|Any CPU.Build.0 = Debug|Any CPU
		{322A4D45-B032-4D0C-8D0E-88E96171035E}.Release|Any CPU.ActiveCfg = Release|Any CPU
		{322A4D45-B032-4D0C-8D0E-88E96171035E}.Release|Any CPU.Build.0 = Release|Any CPU
	EndGlobalSection
	GlobalSection(SolutionProperties) = preSolution
		HideSolutionNode = FALSE
	EndGlobalSection
	GlobalSection(ExtensibilityGlobals) = postSolution
		SolutionGuid = {615AE102-174C-432B-8537-CFA72CE1156A}
	EndGlobalSection
EndGlobal
